
Microsoft Visual Studio Solution File, Format Version 12.00
# Visual Studio Version 17
VisualStudioVersion = 17.5.33530.505
MinimumVisualStudioVersion = 10.0.40219.1
Project("{FAE04EC0-301F-11D3-BF4B-00C04F79EFBC}") = "Waiting", "Waiting\Waiting.csproj", "{F9DB7BEE-CF7F-4979-B4C3-10FEA7043010}"
EndProject
Project("{FAE04EC0-301F-11D3-BF4B-00C04F79EFBC}") = "Waiting.Data", "Waiting.Data\Waiting.Data.csproj", "{3C58D4FB-10C8-4393-AD96-7C144A037BFA}"
EndProject
Project("{FAE04EC0-301F-11D3-BF4B-00C04F79EFBC}") = "Waiting.Service", "Waiting.Services\Waiting.Service.csproj", "{8670A4B4-8158-49A2-9CA7-1B2EAA02920E}"
EndProject
Project("{FAE04EC0-301F-11D3-BF4B-00C04F79EFBC}") = "Waiting.Infraestructure", "Waiting.Infraestructure\Waiting.Infraestructure.csproj", "{35DCED4B-FA99-43DA-9CED-069739F03F79}"
EndProject
Project("{FAE04EC0-301F-11D3-BF4B-00C04F79EFBC}") = "Waiting.Dto", "Waiting.Dtos\Waiting.Dto.csproj", "{2D7B8721-89FF-42EF-8F65-7633B4B132EE}"
EndProject
Global
	GlobalSection(SolutionConfigurationPlatforms) = preSolution
		Debug|Any CPU = Debug|Any CPU
		Release|Any CPU = Release|Any CPU
	EndGlobalSection
	GlobalSection(ProjectConfigurationPlatforms) = postSolution
		{F9DB7BEE-CF7F-4979-B4C3-10FEA7043010}.Debug|Any CPU.ActiveCfg = Debug|Any CPU
		{F9DB7BEE-CF7F-4979-B4C3-10FEA7043010}.Debug|Any CPU.Build.0 = Debug|Any CPU
		{F9DB7BEE-CF7F-4979-B4C3-10FEA7043010}.Release|Any CPU.ActiveCfg = Release|Any CPU
		{F9DB7BEE-CF7F-4979-B4C3-10FEA7043010}.Release|Any CPU.Build.0 = Release|Any CPU
		{3C58D4FB-10C8-4393-AD96-7C144A037BFA}.Debug|Any CPU.ActiveCfg = Debug|Any CPU
		{3C58D4FB-10C8-4393-AD96-7C144A037BFA}.Debug|Any CPU.Build.0 = Debug|Any CPU
		{3C58D4FB-10C8-4393-AD96-7C144A037BFA}.Release|Any CPU.ActiveCfg = Release|Any CPU
		{3C58D4FB-10C8-4393-AD96-7C144A037BFA}.Release|Any CPU.Build.0 = Release|Any CPU
		{8670A4B4-8158-49A2-9CA7-1B2EAA02920E}.Debug|Any CPU.ActiveCfg = Debug|Any CPU
		{8670A4B4-8158-49A2-9CA7-1B2EAA02920E}.Debug|Any CPU.Build.0 = Debug|Any CPU
		{8670A4B4-8158-49A2-9CA7-1B2EAA02920E}.Release|Any CPU.ActiveCfg = Release|Any CPU
		{8670A4B4-8158-49A2-9CA7-1B2EAA02920E}.Release|Any CPU.Build.0 = Release|Any CPU
		{35DCED4B-FA99-43DA-9CED-069739F03F79}.Debug|Any CPU.ActiveCfg = Debug|Any CPU
		{35DCED4B-FA99-43DA-9CED-069739F03F79}.Debug|Any CPU.Build.0 = Debug|Any CPU
		{35DCED4B-FA99-43DA-9CED-069739F03F79}.Release|Any CPU.ActiveCfg = Release|Any CPU
		{35DCED4B-FA99-43DA-9CED-069739F03F79}.Release|Any CPU.Build.0 = Release|Any CPU
		{2D7B8721-89FF-42EF-8F65-7633B4B132EE}.Debug|Any CPU.ActiveCfg = Debug|Any CPU
		{2D7B8721-89FF-42EF-8F65-7633B4B132EE}.Debug|Any CPU.Build.0 = Debug|Any CPU
		{2D7B8721-89FF-42EF-8F65-7633B4B132EE}.Release|Any CPU.ActiveCfg = Release|Any CPU
		{2D7B8721-89FF-42EF-8F65-7633B4B132EE}.Release|Any CPU.Build.0 = Release|Any CPU
	EndGlobalSection
	GlobalSection(SolutionProperties) = preSolution
		HideSolutionNode = FALSE
	EndGlobalSection
	GlobalSection(ExtensibilityGlobals) = postSolution
		SolutionGuid = {6598B53D-98A7-44D1-8D23-BFEC37D58706}
	EndGlobalSection
EndGlobal
